
Microsoft Visual Studio Solution File, Format Version 12.00
# Visual Studio Version 16
VisualStudioVersion = 16.0.34114.132
MinimumVisualStudioVersion = 10.0.40219.1
Project("{2150E333-8FDC-42A3-9474-1A3956D46DE8}") = "Task0", "Task0", "{7C75B52C-A020-4F33-8338-F80EE8C43C3E}"
EndProject
Project("{2150E333-8FDC-42A3-9474-1A3956D46DE8}") = "Task1", "Task1", "{188D670B-EEA7-4C01-B3D0-AB6281F7813C}"
EndProject
Project("{2150E333-8FDC-42A3-9474-1A3956D46DE8}") = "Task2", "Task2", "{9887B493-2726-47B4-84C2-1B1CF463FB42}"
EndProject
Project("{2150E333-8FDC-42A3-9474-1A3956D46DE8}") = "Task3", "Task3", "{C0F4E354-E427-423A-ADE6-5E7B3A2BE2F9}"
EndProject
Project("{2150E333-8FDC-42A3-9474-1A3956D46DE8}") = "Task4", "Task4", "{EA315C97-9FAB-4078-AA9A-B776BD36D0B6}"
EndProject
Project("{2150E333-8FDC-42A3-9474-1A3956D46DE8}") = "Task5", "Task5", "{526B6316-B550-4E44-9605-0793468B8916}"
EndProject
Project("{2150E333-8FDC-42A3-9474-1A3956D46DE8}") = "Task6", "Task6", "{9FF74324-E293-4C5C-89D6-91899FA5C6FF}"
EndProject
Project("{2150E333-8FDC-42A3-9474-1A3956D46DE8}") = "Task7", "Task7", "{1BA3615A-5A4C-4FA0-92A7-E6743EF30DC1}"
EndProject
Project("{FAE04EC0-301F-11D3-BF4B-00C04F79EFBC}") = "Tyuiu.TretyakovDV.Sprint6.Task0.V18.Lib", "Tyuiu.TretyakovDV.Sprint6.Task0.V18.Lib\Tyuiu.TretyakovDV.Sprint6.Task0.V18.Lib.csproj", "{FAE65EF7-0120-4F5C-B84D-174834B94346}"
EndProject
Project("{FAE04EC0-301F-11D3-BF4B-00C04F79EFBC}") = "Tyuiu.TretyakovDV.Sprint6.Task0.V18.Test", "Tyuiu.TretyakovDV.Sprint6.Task0.V18.Test\Tyuiu.TretyakovDV.Sprint6.Task0.V18.Test.csproj", "{28838270-2F8D-4FB7-892F-1C265F29F711}"
EndProject
Project("{FAE04EC0-301F-11D3-BF4B-00C04F79EFBC}") = "Tyuiu.TretyakovDV.Sprint6.Task0.V18﻿", "Tyuiu.TretyakovDV.Sprint6.Task0.V18﻿\Tyuiu.TretyakovDV.Sprint6.Task0.V18﻿.csproj", "{915A4DDD-28CF-4E2A-B279-01A28D6FC871}"
EndProject
Project("{FAE04EC0-301F-11D3-BF4B-00C04F79EFBC}") = "Tyuiu.TretyakovDV.Sprint6.Task1.V29.Lib", "Tyuiu.TretyakovDV.Sprint6.Task1.V29.Lib\Tyuiu.TretyakovDV.Sprint6.Task1.V29.Lib.csproj", "{379A6986-E9AD-4AB7-9E40-B777F662F464}"
EndProject
Project("{FAE04EC0-301F-11D3-BF4B-00C04F79EFBC}") = "Tyuiu.TretyakovDV.Sprint6.Task1.V29.Test", "Tyuiu.TretyakovDV.Sprint6.Task1.V29.Test\Tyuiu.TretyakovDV.Sprint6.Task1.V29.Test.csproj", "{2082446E-AA4E-4A03-8C17-2D8FB932C8CD}"
EndProject
Project("{FAE04EC0-301F-11D3-BF4B-00C04F79EFBC}") = "Tyuiu.TretyakovDV.Sprint6.Task1.V29", "Tyuiu.TretyakovDV.Sprint6.Task1.V29\Tyuiu.TretyakovDV.Sprint6.Task1.V29.csproj", "{E6202865-C11F-435D-A96F-B88A8E190582}"
EndProject
Project("{FAE04EC0-301F-11D3-BF4B-00C04F79EFBC}") = "Tyuiu.TretyakovDV.Sprint6.Task2.V4.Lib", "Tyuiu.TretyakovDV.Sprint6.Task2.V4.Lib\Tyuiu.TretyakovDV.Sprint6.Task2.V4.Lib.csproj", "{DEAF65B4-E78C-4785-8656-238B3204413E}"
EndProject
Project("{FAE04EC0-301F-11D3-BF4B-00C04F79EFBC}") = "Tyuiu.TretyakovDV.Sprint6.Task2.V4.Test", "Tyuiu.TretyakovDV.Sprint6.Task2.V4.Test\Tyuiu.TretyakovDV.Sprint6.Task2.V4.Test.csproj", "{75D7FAF4-4ADF-432B-A723-94072D3A1CF1}"
EndProject
Project("{FAE04EC0-301F-11D3-BF4B-00C04F79EFBC}") = "Tyuiu.TretyakovDV.Sprint6.Task2.V4", "Tyuiu.TretyakovDV.Sprint6.Task2.V4\Tyuiu.TretyakovDV.Sprint6.Task2.V4.csproj", "{34644172-CE96-4A35-B605-6E929037DFCE}"
EndProject
Project("{FAE04EC0-301F-11D3-BF4B-00C04F79EFBC}") = "Tyuiu.TretyakovDV.Sprint6.Task3.V22.Test", "Tyuiu.TretyakovDV.Sprint6.Task3.V22.Test\Tyuiu.TretyakovDV.Sprint6.Task3.V22.Test.csproj", "{3F817846-4D1B-4D22-A93D-709F1C4CC685}"
EndProject
Project("{FAE04EC0-301F-11D3-BF4B-00C04F79EFBC}") = "Tyuiu.TretyakovDV.Sprint6.Task3.V22.Lib", "Tyuiu.TretyakovDV.Sprint6.Task3.V22.Lib\Tyuiu.TretyakovDV.Sprint6.Task3.V22.Lib.csproj", "{5AC70023-23BC-42C0-A2FC-1BF184CA70B7}"
EndProject
Project("{FAE04EC0-301F-11D3-BF4B-00C04F79EFBC}") = "Tyuiu.TretyakovDV.Sprint6.Task3.V22", "Tyuiu.TretyakovDV.Sprint6.Task3.V22\Tyuiu.TretyakovDV.Sprint6.Task3.V22.csproj", "{C2A3866B-A015-46AA-AF3B-ED93E3BA0088}"
EndProject
Global
	GlobalSection(SolutionConfigurationPlatforms) = preSolution
		Debug|Any CPU = Debug|Any CPU
		Release|Any CPU = Release|Any CPU
	EndGlobalSection
	GlobalSection(ProjectConfigurationPlatforms) = postSolution
		{FAE65EF7-0120-4F5C-B84D-174834B94346}.Debug|Any CPU.ActiveCfg = Debug|Any CPU
		{FAE65EF7-0120-4F5C-B84D-174834B94346}.Debug|Any CPU.Build.0 = Debug|Any CPU
		{FAE65EF7-0120-4F5C-B84D-174834B94346}.Release|Any CPU.ActiveCfg = Release|Any CPU
		{FAE65EF7-0120-4F5C-B84D-174834B94346}.Release|Any CPU.Build.0 = Release|Any CPU
		{28838270-2F8D-4FB7-892F-1C265F29F711}.Debug|Any CPU.ActiveCfg = Debug|Any CPU
		{28838270-2F8D-4FB7-892F-1C265F29F711}.Debug|Any CPU.Build.0 = Debug|Any CPU
		{28838270-2F8D-4FB7-892F-1C265F29F711}.Release|Any CPU.ActiveCfg = Release|Any CPU
		{28838270-2F8D-4FB7-892F-1C265F29F711}.Release|Any CPU.Build.0 = Release|Any CPU
		{915A4DDD-28CF-4E2A-B279-01A28D6FC871}.Debug|Any CPU.ActiveCfg = Debug|Any CPU
		{915A4DDD-28CF-4E2A-B279-01A28D6FC871}.Debug|Any CPU.Build.0 = Debug|Any CPU
		{915A4DDD-28CF-4E2A-B279-01A28D6FC871}.Release|Any CPU.ActiveCfg = Release|Any CPU
		{915A4DDD-28CF-4E2A-B279-01A28D6FC871}.Release|Any CPU.Build.0 = Release|Any CPU
		{379A6986-E9AD-4AB7-9E40-B777F662F464}.Debug|Any CPU.ActiveCfg = Debug|Any CPU
		{379A6986-E9AD-4AB7-9E40-B777F662F464}.Debug|Any CPU.Build.0 = Debug|Any CPU
		{379A6986-E9AD-4AB7-9E40-B777F662F464}.Release|Any CPU.ActiveCfg = Release|Any CPU
		{379A6986-E9AD-4AB7-9E40-B777F662F464}.Release|Any CPU.Build.0 = Release|Any CPU
		{2082446E-AA4E-4A03-8C17-2D8FB932C8CD}.Debug|Any CPU.ActiveCfg = Debug|Any CPU
		{2082446E-AA4E-4A03-8C17-2D8FB932C8CD}.Debug|Any CPU.Build.0 = Debug|Any CPU
		{2082446E-AA4E-4A03-8C17-2D8FB932C8CD}.Release|Any CPU.ActiveCfg = Release|Any CPU
		{2082446E-AA4E-4A03-8C17-2D8FB932C8CD}.Release|Any CPU.Build.0 = Release|Any CPU
		{E6202865-C11F-435D-A96F-B88A8E190582}.Debug|Any CPU.ActiveCfg = Debug|Any CPU
		{E6202865-C11F-435D-A96F-B88A8E190582}.Debug|Any CPU.Build.0 = Debug|Any CPU
		{E6202865-C11F-435D-A96F-B88A8E190582}.Release|Any CPU.ActiveCfg = Release|Any CPU
		{E6202865-C11F-435D-A96F-B88A8E190582}.Release|Any CPU.Build.0 = Release|Any CPU
		{DEAF65B4-E78C-4785-8656-238B3204413E}.Debug|Any CPU.ActiveCfg = Debug|Any CPU
		{DEAF65B4-E78C-4785-8656-238B3204413E}.Debug|Any CPU.Build.0 = Debug|Any CPU
		{DEAF65B4-E78C-4785-8656-238B3204413E}.Release|Any CPU.ActiveCfg = Release|Any CPU
		{DEAF65B4-E78C-4785-8656-238B3204413E}.Release|Any CPU.Build.0 = Release|Any CPU
		{75D7FAF4-4ADF-432B-A723-94072D3A1CF1}.Debug|Any CPU.ActiveCfg = Debug|Any CPU
		{75D7FAF4-4ADF-432B-A723-94072D3A1CF1}.Debug|Any CPU.Build.0 = Debug|Any CPU
		{75D7FAF4-4ADF-432B-A723-94072D3A1CF1}.Release|Any CPU.ActiveCfg = Release|Any CPU
		{75D7FAF4-4ADF-432B-A723-94072D3A1CF1}.Release|Any CPU.Build.0 = Release|Any CPU
		{34644172-CE96-4A35-B605-6E929037DFCE}.Debug|Any CPU.ActiveCfg = Debug|Any CPU
		{34644172-CE96-4A35-B605-6E929037DFCE}.Debug|Any CPU.Build.0 = Debug|Any CPU
		{34644172-CE96-4A35-B605-6E929037DFCE}.Release|Any CPU.ActiveCfg = Release|Any CPU
		{34644172-CE96-4A35-B605-6E929037DFCE}.Release|Any CPU.Build.0 = Release|Any CPU
		{3F817846-4D1B-4D22-A93D-709F1C4CC685}.Debug|Any CPU.ActiveCfg = Debug|Any CPU
		{3F817846-4D1B-4D22-A93D-709F1C4CC685}.Debug|Any CPU.Build.0 = Debug|Any CPU
		{3F817846-4D1B-4D22-A93D-709F1C4CC685}.Release|Any CPU.ActiveCfg = Release|Any CPU
		{3F817846-4D1B-4D22-A93D-709F1C4CC685}.Release|Any CPU.Build.0 = Release|Any CPU
		{5AC70023-23BC-42C0-A2FC-1BF184CA70B7}.Debug|Any CPU.ActiveCfg = Debug|Any CPU
		{5AC70023-23BC-42C0-A2FC-1BF184CA70B7}.Debug|Any CPU.Build.0 = Debug|Any CPU
		{5AC70023-23BC-42C0-A2FC-1BF184CA70B7}.Release|Any CPU.ActiveCfg = Release|Any CPU
		{5AC70023-23BC-42C0-A2FC-1BF184CA70B7}.Release|Any CPU.Build.0 = Release|Any CPU
		{C2A3866B-A015-46AA-AF3B-ED93E3BA0088}.Debug|Any CPU.ActiveCfg = Debug|Any CPU
		{C2A3866B-A015-46AA-AF3B-ED93E3BA0088}.Debug|Any CPU.Build.0 = Debug|Any CPU
		{C2A3866B-A015-46AA-AF3B-ED93E3BA0088}.Release|Any CPU.ActiveCfg = Release|Any CPU
		{C2A3866B-A015-46AA-AF3B-ED93E3BA0088}.Release|Any CPU.Build.0 = Release|Any CPU
	EndGlobalSection
	GlobalSection(SolutionProperties) = preSolution
		HideSolutionNode = FALSE
	EndGlobalSection
	GlobalSection(NestedProjects) = preSolution
		{FAE65EF7-0120-4F5C-B84D-174834B94346} = {7C75B52C-A020-4F33-8338-F80EE8C43C3E}
		{28838270-2F8D-4FB7-892F-1C265F29F711} = {7C75B52C-A020-4F33-8338-F80EE8C43C3E}
		{915A4DDD-28CF-4E2A-B279-01A28D6FC871} = {7C75B52C-A020-4F33-8338-F80EE8C43C3E}
		{379A6986-E9AD-4AB7-9E40-B777F662F464} = {188D670B-EEA7-4C01-B3D0-AB6281F7813C}
		{2082446E-AA4E-4A03-8C17-2D8FB932C8CD} = {188D670B-EEA7-4C01-B3D0-AB6281F7813C}
		{E6202865-C11F-435D-A96F-B88A8E190582} = {188D670B-EEA7-4C01-B3D0-AB6281F7813C}
		{DEAF65B4-E78C-4785-8656-238B3204413E} = {9887B493-2726-47B4-84C2-1B1CF463FB42}
		{75D7FAF4-4ADF-432B-A723-94072D3A1CF1} = {9887B493-2726-47B4-84C2-1B1CF463FB42}
		{34644172-CE96-4A35-B605-6E929037DFCE} = {9887B493-2726-47B4-84C2-1B1CF463FB42}
		{3F817846-4D1B-4D22-A93D-709F1C4CC685} = {C0F4E354-E427-423A-ADE6-5E7B3A2BE2F9}
		{5AC70023-23BC-42C0-A2FC-1BF184CA70B7} = {C0F4E354-E427-423A-ADE6-5E7B3A2BE2F9}
		{C2A3866B-A015-46AA-AF3B-ED93E3BA0088} = {C0F4E354-E427-423A-ADE6-5E7B3A2BE2F9}
	EndGlobalSection
	GlobalSection(ExtensibilityGlobals) = postSolution
		SolutionGuid = {207E28AA-1A33-4496-A9FA-6FDE99B467B3}
	EndGlobalSection
EndGlobal
